github.com/bep/gr v0.0.0-20170817090531-52c9d7f2f11a h1:6gm9UbF7U1D4cexLZOJONfa832pWmgMhq+wbvVfaadY=
github.com/bep/gr v0.0.0-20170817090531-52c9d7f2f11a/go.mod h1:ny2VYCoz1aP4dx9XT8A1FXd8XaH/toufhF0uoy5CsYQ=
github.com/divan/graphx v0.0.0-20181230193938-8b596c03938a h1:3oCZUYWolUyeHqMaw4RKurjCKyiZOVCYAFHlito2J5o=
github.com/divan/graphx v0.0.0-20181230193938-8b596c03938a/go.mod h1:L+QbeK4wz5lPnNrTBD4O/nbu1yzkpz8ZJzNkqMKYm5w=
github.com/divan/simulation v0.0.0-20181221164022-1de21acd10f8 h1:WDkrLIf8bAaGuEWmyQXgwIHh0cO9FWmZpqTFpqa6KFk=
github.com/divan/simulation v0.0.0-20181221164022-1de21acd10f8/go.mod h1:/Svf4tInOhulozBvTDHTxdyQlAu2eZcKDkPIUua+3i8=
github.com/divan/three v0.0.0-20190518222012-e7fb2420829c h1:oh/oqyVbEul3NukO6HwiiL81ktOTG3B7Q3tsCuoNJNY=
github.com/divan/three v0.0.0-20190518222012-e7fb2420829c/go.mod h1:mvdRimXSTqMErVt0/gKwmuW1YpM0bJNKEKPnMC4qols=
github.com/divan/whispervis v0.0.0-20181207171319-c395bc39dd76 h1:bRe5ssvVv3KEmYNfMJJrBk6jQ/FhmDbMbE5B9+nKY0c=
github.com/divan/whispervis v0.0.0-20181207171319-c395bc39dd76/go.mod h1:Iongq7gKmWefKv7AZNTMeyozh1kHPs/442fl8IJjpgY=
github.com/fatih/structs v1.1.0 h1:Q7juDM0QtcnhCpeyLGQKyg4TOIghuNXrkL32pHAUMxo=
github.com/fatih/structs v1.1.0/go.mod h1:9NiDSp5zOcgEDl+j00MP/WkGVPOlPRLejGD8Ga6PJ7M=
github.com/gonum/blas v0.0.0-20181208220705-f22b278b28ac h1:Q0Jsdxl5jbxouNs1TQYt0gxesYMU4VXRbsTlgDloZ50=
github.com/gonum/blas v0.0.0-20181208220705-f22b278b28ac/go.mod h1:P32wAyui1PQ58Oce/KYkOqQv8cVw1zAapXOl+dRFGbc=
github.com/gonum/floats v0.0.0-20181209220543-c233463c7e82 h1:EvokxLQsaaQjcWVWSV38221VAK7qc2zhaO17bKys/18=
github.com/gonum/floats v0.0.0-20181209220543-c233463c7e82/go.mod h1:PxC8OnwL11+aosOB5+iEPoV3picfs8tUpkVd0pDo+Kg=
github.com/gonum/internal v0.0.0-20181124074243-f884aa714029 h1:8jtTdc+Nfj9AR+0soOeia9UZSvYBvETVHZrugUowJ7M=
github.com/gonum/internal v0.0.0-20181124074243-f884aa714029/go.mod h1:Pu4dmpkhSyOzRwuXkOgAvijx4o+4YMUJJo9OvPYMkks=
github.com/gonum/lapack v0.0.0-20181123203213-e4cdc5a0bff9 h1:7qnwS9+oeSiOIsiUMajT+0R7HR6hw5NegnKPmn/94oI=
github.com/gonum/lapack v0.0.0-20181123203213-e4cdc5a0bff9/go.mod h1:XA3DeT6rxh2EAE789SSiSJNqxPaC0aE9J8NTOI0Jo/A=
github.com/gonum/matrix v0.0.0-20181209220409-c518dec07be9 h1:V2IgdyerlBa/MxaEFRbV5juy/C3MGdj4ePi+g6ePIp4=
github.com/gonum/matrix v0.0.0-20181209220409-c518dec07be9/go.mod h1:0EXg4mc1CNP0HCqCz+K4ts155PXIlUywf0wqN+GfPZw=
github.com/gonum/stat v0.0.0-20181125101827-41a0da705a5b h1:fbskpz/cPqWH8VqkQ7LJghFkl2KPAiIFUHrTJ2O3RGk=
github.com/gonum/stat v0.0.0-20181125101827-41a0da705a5b/go.mod h1:Z4GIJBJO3Wa4gD4vbwQxXXZ+WHmW6E9ixmNrwvs0iZs=
github.com/gopherjs/gopherjs v0.0.0-20210929192900-a930101f3d15 h1:+K5MaJ35/vUZwjZ+yOKLBCC0jytLRLHKIVTzi6fN/8w=
github.com/gopherjs/gopherjs v0.0.0-20210929192900-a930101f3d15/go.mod h1:cz9oNYuRUWGdHmLF2IodMLkAhcPtXeULvcBNagUrxTI=
github.com/hexops/vecty v0.6.0 h1:iiHfDOLEJufGy/hfPGzOTPkZe6rCszElYmUSzRQqK1w=
github.com/hexops/vecty v0.6.0/go.mod h1:hVOPHAhrkXTf/9fl31Bpn2QvkW2ZOUZ0I3b3cohwCpI=
github.com/joliv/spark v0.0.0-20151215235333-2d625891bea1 h1:OPh2F8Dxm/Hf9EM7RrKlTdbPTT+J9l1e0JJhZBW0Un4=
github.com/joliv/spark v0.0.0-20151215235333-2d625891bea1/go.mod h1:9naDYeY0QbViN+02yKWdzKqt/btnAQPJgTmW9ZzdvhQ=
